
Microsoft Visual Studio Solution File, Format Version 12.00
# Visual Studio Version 17
VisualStudioVersion = 17.14.36511.14
MinimumVisualStudioVersion = 10.0.40219.1
Project("{FAE04EC0-301F-11D3-BF4B-00C04F79EFBC}") = "WebValidationLibrary1", "WebValidationLibrary1\WebValidationLibrary1.csproj", "{FF93F3B8-D614-31B7-6EDE-6E6DC25A71CC}"
EndProject
Project("{FAE04EC0-301F-11D3-BF4B-00C04F79EFBC}") = "FluentWebApplication1", "FluentWebApplication1\FluentWebApplication1.csproj", "{5F10E602-48CC-A875-92E4-486D020BD41E}"
EndProject
Project("{2150E333-8FDC-42A3-9474-1A3956D46DE8}") = "Solution Items", "Solution Items", "{089100B1-113F-4E66-888A-E83F3999EAFD}"
	ProjectSection(SolutionItems) = preProject
		readme.md = readme.md
	EndProjectSection
EndProject
Project("{2150E333-8FDC-42A3-9474-1A3956D46DE8}") = "Customer project", "Customer project", "{19614708-6086-2479-ED40-DA81F689D590}"
EndProject
Project("{FAE04EC0-301F-11D3-BF4B-00C04F79EFBC}") = "NotesRazorApp", "NotesRazorApp\NotesRazorApp.csproj", "{F1BAE425-66F2-4755-E575-1F36A5028D21}"
EndProject
Project("{2150E333-8FDC-42A3-9474-1A3956D46DE8}") = "Refactored", "Refactored", "{3D390D62-AFA9-D7B2-5B09-F71B28506E37}"
EndProject
Project("{FAE04EC0-301F-11D3-BF4B-00C04F79EFBC}") = "WebApplication1", "WebApplication1\WebApplication1.csproj", "{12F6A2FB-7F14-48EF-B2D9-28ECCC8BB565}"
EndProject
Project("{FAE04EC0-301F-11D3-BF4B-00C04F79EFBC}") = "FluentWebApplication", "FluentWebApplication\FluentWebApplication.csproj", "{55E5BAB9-277A-8787-4BB5-346DC9E25D2A}"
EndProject
Global
	GlobalSection(SolutionConfigurationPlatforms) = preSolution
		Debug|Any CPU = Debug|Any CPU
		Release|Any CPU = Release|Any CPU
	EndGlobalSection
	GlobalSection(ProjectConfigurationPlatforms) = postSolution
		{FF93F3B8-D614-31B7-6EDE-6E6DC25A71CC}.Debug|Any CPU.ActiveCfg = Debug|Any CPU
		{FF93F3B8-D614-31B7-6EDE-6E6DC25A71CC}.Debug|Any CPU.Build.0 = Debug|Any CPU
		{FF93F3B8-D614-31B7-6EDE-6E6DC25A71CC}.Release|Any CPU.ActiveCfg = Release|Any CPU
		{FF93F3B8-D614-31B7-6EDE-6E6DC25A71CC}.Release|Any CPU.Build.0 = Release|Any CPU
		{5F10E602-48CC-A875-92E4-486D020BD41E}.Debug|Any CPU.ActiveCfg = Debug|Any CPU
		{5F10E602-48CC-A875-92E4-486D020BD41E}.Debug|Any CPU.Build.0 = Debug|Any CPU
		{5F10E602-48CC-A875-92E4-486D020BD41E}.Release|Any CPU.ActiveCfg = Release|Any CPU
		{5F10E602-48CC-A875-92E4-486D020BD41E}.Release|Any CPU.Build.0 = Release|Any CPU
		{F1BAE425-66F2-4755-E575-1F36A5028D21}.Debug|Any CPU.ActiveCfg = Debug|Any CPU
		{F1BAE425-66F2-4755-E575-1F36A5028D21}.Debug|Any CPU.Build.0 = Debug|Any CPU
		{F1BAE425-66F2-4755-E575-1F36A5028D21}.Release|Any CPU.ActiveCfg = Release|Any CPU
		{F1BAE425-66F2-4755-E575-1F36A5028D21}.Release|Any CPU.Build.0 = Release|Any CPU
		{12F6A2FB-7F14-48EF-B2D9-28ECCC8BB565}.Debug|Any CPU.ActiveCfg = Debug|Any CPU
		{12F6A2FB-7F14-48EF-B2D9-28ECCC8BB565}.Debug|Any CPU.Build.0 = Debug|Any CPU
		{12F6A2FB-7F14-48EF-B2D9-28ECCC8BB565}.Release|Any CPU.ActiveCfg = Release|Any CPU
		{12F6A2FB-7F14-48EF-B2D9-28ECCC8BB565}.Release|Any CPU.Build.0 = Release|Any CPU
		{55E5BAB9-277A-8787-4BB5-346DC9E25D2A}.Debug|Any CPU.ActiveCfg = Debug|Any CPU
		{55E5BAB9-277A-8787-4BB5-346DC9E25D2A}.Debug|Any CPU.Build.0 = Debug|Any CPU
		{55E5BAB9-277A-8787-4BB5-346DC9E25D2A}.Release|Any CPU.ActiveCfg = Release|Any CPU
		{55E5BAB9-277A-8787-4BB5-346DC9E25D2A}.Release|Any CPU.Build.0 = Release|Any CPU
	EndGlobalSection
	GlobalSection(SolutionProperties) = preSolution
		HideSolutionNode = FALSE
	EndGlobalSection
	GlobalSection(NestedProjects) = preSolution
		{FF93F3B8-D614-31B7-6EDE-6E6DC25A71CC} = {19614708-6086-2479-ED40-DA81F689D590}
		{5F10E602-48CC-A875-92E4-486D020BD41E} = {19614708-6086-2479-ED40-DA81F689D590}
		{12F6A2FB-7F14-48EF-B2D9-28ECCC8BB565} = {3D390D62-AFA9-D7B2-5B09-F71B28506E37}
		{55E5BAB9-277A-8787-4BB5-346DC9E25D2A} = {3D390D62-AFA9-D7B2-5B09-F71B28506E37}
	EndGlobalSection
	GlobalSection(ExtensibilityGlobals) = postSolution
		SolutionGuid = {A6634203-63B2-46B6-A3C5-D38DDF98D9C4}
	EndGlobalSection
EndGlobal
